
Microsoft Visual Studio Solution File, Format Version 12.00
# Visual Studio Version 17
VisualStudioVersion = 17.11.35312.102
MinimumVisualStudioVersion = 10.0.40219.1
Project("{FAE04EC0-301F-11D3-BF4B-00C04F79EFBC}") = "Homm3Selector", "Homm3Selector\Homm3Selector.csproj", "{DCCD4CF3-DA71-4086-A79A-159811C6BCF9}"
EndProject
Global
	GlobalSection(SolutionConfigurationPlatforms) = preSolution
		Debug|Any CPU = Debug|Any CPU
		Release|Any CPU = Release|Any CPU
	EndGlobalSection
	GlobalSection(ProjectConfigurationPlatforms) = postSolution
		{DCCD4CF3-DA71-4086-A79A-159811C6BCF9}.Debug|Any CPU.ActiveCfg = Debug|Any CPU
		{DCCD4CF3-DA71-4086-A79A-159811C6BCF9}.Debug|Any CPU.Build.0 = Debug|Any CPU
		{DCCD4CF3-DA71-4086-A79A-159811C6BCF9}.Release|Any CPU.ActiveCfg = Release|Any CPU
		{DCCD4CF3-DA71-4086-A79A-159811C6BCF9}.Release|Any CPU.Build.0 = Release|Any CPU
	EndGlobalSection
	GlobalSection(SolutionProperties) = preSolution
		HideSolutionNode = FALSE
	EndGlobalSection
	GlobalSection(ExtensibilityGlobals) = postSolution
		SolutionGuid = {5962479D-C39F-4244-BB32-61F89655D19B}
	EndGlobalSection
EndGlobal
